
Microsoft Visual Studio Solution File, Format Version 12.00
# Visual Studio Version 17
VisualStudioVersion = 17.4.33205.214
MinimumVisualStudioVersion = 10.0.40219.1
Project("{FAE04EC0-301F-11D3-BF4B-00C04F79EFBC}") = "food_exclusion", "food_exclusion.csproj", "{3ADB91F4-17D9-4F77-88BB-813C4E545DDA}"
EndProject
Global
	GlobalSection(SolutionConfigurationPlatforms) = preSolution
		Debug|Any CPU = Debug|Any CPU
		Release|Any CPU = Release|Any CPU
	EndGlobalSection
	GlobalSection(ProjectConfigurationPlatforms) = postSolution
		{3ADB91F4-17D9-4F77-88BB-813C4E545DDA}.Debug|Any CPU.ActiveCfg = Debug|Any CPU
		{3ADB91F4-17D9-4F77-88BB-813C4E545DDA}.Debug|Any CPU.Build.0 = Debug|Any CPU
		{3ADB91F4-17D9-4F77-88BB-813C4E545DDA}.Release|Any CPU.ActiveCfg = Release|Any CPU
		{3ADB91F4-17D9-4F77-88BB-813C4E545DDA}.Release|Any CPU.Build.0 = Release|Any CPU
	EndGlobalSection
	GlobalSection(SolutionProperties) = preSolution
		HideSolutionNode = FALSE
	EndGlobalSection
	GlobalSection(ExtensibilityGlobals) = postSolution
		SolutionGuid = {5A809029-3C96-49D1-AFE5-5BA6EC1D43DC}
	EndGlobalSection
EndGlobal
